
Microsoft Visual Studio Solution File, Format Version 12.00
# Visual Studio Version 17
VisualStudioVersion = 17.6.33801.468
MinimumVisualStudioVersion = 10.0.40219.1
Project("{9A19103F-16F7-4668-BE54-9A1E7A4F7556}") = "Rubicon.Demo.Api", "Rubicon.Demo.Api\Rubicon.Demo.Api.csproj", "{011A25D9-AC89-475C-8B74-0703C7762AFF}"
EndProject
Global
	GlobalSection(SolutionConfigurationPlatforms) = preSolution
		Debug|Any CPU = Debug|Any CPU
		Release|Any CPU = Release|Any CPU
	EndGlobalSection
	GlobalSection(ProjectConfigurationPlatforms) = postSolution
		{011A25D9-AC89-475C-8B74-0703C7762AFF}.Debug|Any CPU.ActiveCfg = Debug|Any CPU
		{011A25D9-AC89-475C-8B74-0703C7762AFF}.Debug|Any CPU.Build.0 = Debug|Any CPU
		{011A25D9-AC89-475C-8B74-0703C7762AFF}.Release|Any CPU.ActiveCfg = Release|Any CPU
		{011A25D9-AC89-475C-8B74-0703C7762AFF}.Release|Any CPU.Build.0 = Release|Any CPU
	EndGlobalSection
	GlobalSection(SolutionProperties) = preSolution
		HideSolutionNode = FALSE
	EndGlobalSection
	GlobalSection(ExtensibilityGlobals) = postSolution
		SolutionGuid = {2763C9D8-34C4-4B09-9DD4-001EC19C3660}
	EndGlobalSection
EndGlobal
